---
# yaml-language-server: $schema=https://raw.githubusercontent.com/datreeio/CRDs-catalog/refs/heads/main/ceph.rook.io/cephblockpool_v1.json
## rbd-fast pool
apiVersion: ceph.rook.io/v1
kind: CephBlockPool
metadata:
  namespace: rook-ceph
  name: rbd-fast
spec:
  failureDomain: host
  deviceClass: nvme
  replicated:
    size: 3
    requireSafeReplicaSize: true
---
# yaml-language-server: $schema=https://raw.githubusercontent.com/datreeio/CRDs-catalog/refs/heads/main/ceph.rook.io/cephblockpool_v1.json
## rbd-fast-ec-metadata pool (ec pool do not support omap, it need a replicated pool for metadata)
apiVersion: ceph.rook.io/v1
kind: CephBlockPool
metadata:
  namespace: rook-ceph
  name: rbd-fast-ec-metadata
spec:
  failureDomain: host
  deviceClass: nvme
  replicated:
    size: 3
    requireSafeReplicaSize: true
---
# yaml-language-server: $schema=https://raw.githubusercontent.com/datreeio/CRDs-catalog/refs/heads/main/ceph.rook.io/cephblockpool_v1.json
## rbd-fast-ec pool
apiVersion: ceph.rook.io/v1
kind: CephBlockPool
metadata:
  namespace: rook-ceph
  name: rbd-fast-ec
spec:
  failureDomain: host
  deviceClass: nvme
  erasureCoded:
    dataChunks: 2
    codingChunks: 1
