---
# yaml-language-server: $schema=https://raw.githubusercontent.com/datreeio/CRDs-catalog/refs/heads/main/ceph.rook.io/cephblockpool_v1.json
## rbd-fas-pool
apiVersion: ceph.rook.io/v1
kind: CephBlockPool
metadata:
  namespace: rook-ceph
  name: rbd-fast
spec:
  failureDomain: host
  deviceClass: nvme
  replicated:
    size: 3
    requireSafeReplicaSize: true
---
# yaml-language-server: $schema=https://raw.githubusercontent.com/datreeio/CRDs-catalog/refs/heads/main/ceph.rook.io/cephblockpool_v1.json
## rbd-fast-volatile pool
apiVersion: ceph.rook.io/v1
kind: CephBlockPool
metadata:
  namespace: rook-ceph
  name: rbd-fast-volatile
spec:
  failureDomain: host
  deviceClass: nvme
  replicated:
    size: 1
    requireSafeReplicaSize: false
---
# yaml-language-server: $schema=https://raw.githubusercontent.com/datreeio/CRDs-catalog/refs/heads/main/ceph.rook.io/cephblockpool_v1.json
## rbd-fast-volatile pool
apiVersion: ceph.rook.io/v1
kind: CephBlockPool
metadata:
  namespace: rook-ceph
  name: rbd-fast-ec
spec:
  failureDomain: host
  deviceClass: nvme
  erasureCoded:
    codingChunks: 1
    dataChunks: 1
---
# yaml-language-server: $schema=https://raw.githubusercontent.com/yannh/kubernetes-json-schema/refs/heads/master/master/storageclass-storage-v1.json
## StorageClass rbd-fast
apiVersion: storage.k8s.io/v1
kind: StorageClass
metadata:
  name: rbd-fast
provisioner: rook-ceph.rbd.csi.ceph.com
parameters:
  clusterID: rook-ceph
  pool: rbd-fast
  imageFeatures: layering
  csi.storage.k8s.io/provisioner-secret-name: rook-csi-rbd-provisioner
  csi.storage.k8s.io/provisioner-secret-namespace: rook-ceph
  csi.storage.k8s.io/controller-expand-secret-name: rook-csi-rbd-provisioner
  csi.storage.k8s.io/controller-expand-secret-namespace: rook-ceph
  csi.storage.k8s.io/node-stage-secret-name: rook-csi-rbd-node
  csi.storage.k8s.io/node-stage-secret-namespace: rook-ceph
  csi.storage.k8s.io/fstype: ext4
reclaimPolicy: Retain
allowVolumeExpansion: true
---
# yaml-language-server: $schema=https://raw.githubusercontent.com/yannh/kubernetes-json-schema/refs/heads/master/master/storageclass-storage-v1.json
## StorageClass rbd-fast-delete
apiVersion: storage.k8s.io/v1
kind: StorageClass
metadata:
  name: rbd-fast-delete
provisioner: rook-ceph.rbd.csi.ceph.com
parameters:
  clusterID: rook-ceph
  pool: rbd-fast
  imageFeatures: layering
  csi.storage.k8s.io/provisioner-secret-name: rook-csi-rbd-provisioner
  csi.storage.k8s.io/provisioner-secret-namespace: rook-ceph
  csi.storage.k8s.io/controller-expand-secret-name: rook-csi-rbd-provisioner
  csi.storage.k8s.io/controller-expand-secret-namespace: rook-ceph
  csi.storage.k8s.io/node-stage-secret-name: rook-csi-rbd-node
  csi.storage.k8s.io/node-stage-secret-namespace: rook-ceph
  csi.storage.k8s.io/fstype: ext4
reclaimPolicy: Delete
allowVolumeExpansion: true
---
# yaml-language-server: $schema=https://raw.githubusercontent.com/yannh/kubernetes-json-schema/refs/heads/master/master/storageclass-storage-v1.json
## StorageClass rbd-fast-volatile
apiVersion: storage.k8s.io/v1
kind: StorageClass
metadata:
  name: rbd-fast-volatile
provisioner: rook-ceph.rbd.csi.ceph.com
parameters:
  clusterID: rook-ceph
  pool: rbd-fast-volatile
  imageFeatures: layering
  csi.storage.k8s.io/provisioner-secret-name: rook-csi-rbd-provisioner
  csi.storage.k8s.io/provisioner-secret-namespace: rook-ceph
  csi.storage.k8s.io/controller-expand-secret-name: rook-csi-rbd-provisioner
  csi.storage.k8s.io/controller-expand-secret-namespace: rook-ceph
  csi.storage.k8s.io/node-stage-secret-name: rook-csi-rbd-node
  csi.storage.k8s.io/node-stage-secret-namespace: rook-ceph
  csi.storage.k8s.io/fstype: ext4
reclaimPolicy: Delete
allowVolumeExpansion: true
